
Microsoft Visual Studio Solution File, Format Version 12.00
# Visual Studio Version 17
VisualStudioVersion = 17.14.36518.9 d17.14
MinimumVisualStudioVersion = 10.0.40219.1
Project("{FAE04EC0-301F-11D3-BF4B-00C04F79EFBC}") = "WimReader", "WimReader\WimReader.csproj", "{278A17BB-51AB-4578-BD8C-BD9EEEE37C36}"
EndProject
Global
	GlobalSection(SolutionConfigurationPlatforms) = preSolution
		Debug|Any CPU = Debug|Any CPU
		Release|Any CPU = Release|Any CPU
	EndGlobalSection
	GlobalSection(ProjectConfigurationPlatforms) = postSolution
		{278A17BB-51AB-4578-BD8C-BD9EEEE37C36}.Debug|Any CPU.ActiveCfg = Debug|Any CPU
		{278A17BB-51AB-4578-BD8C-BD9EEEE37C36}.Debug|Any CPU.Build.0 = Debug|Any CPU
		{278A17BB-51AB-4578-BD8C-BD9EEEE37C36}.Release|Any CPU.ActiveCfg = Release|Any CPU
		{278A17BB-51AB-4578-BD8C-BD9EEEE37C36}.Release|Any CPU.Build.0 = Release|Any CPU
	EndGlobalSection
	GlobalSection(SolutionProperties) = preSolution
		HideSolutionNode = FALSE
	EndGlobalSection
	GlobalSection(ExtensibilityGlobals) = postSolution
		SolutionGuid = {597F1B9F-30C4-44C0-B21D-9609B0D65CC8}
	EndGlobalSection
EndGlobal
